
Microsoft Visual Studio Solution File, Format Version 12.00
# Visual Studio Version 16
VisualStudioVersion = 16.0.31005.135
MinimumVisualStudioVersion = 10.0.40219.1
Project("{FAE04EC0-301F-11D3-BF4B-00C04F79EFBC}") = "SingletonImpl", "SingletonImpl\SingletonImpl.csproj", "{F9776B1D-F285-453B-8CDA-2040521CBEE1}"
EndProject
Project("{FAE04EC0-301F-11D3-BF4B-00C04F79EFBC}") = "AbstractFactoryImpl", "AbstractFactoryImpl\AbstractFactoryImpl.csproj", "{67DE771A-35A2-4F53-86D8-D114687A8525}"
EndProject
Global
	GlobalSection(SolutionConfigurationPlatforms) = preSolution
		Debug|Any CPU = Debug|Any CPU
		Release|Any CPU = Release|Any CPU
	EndGlobalSection
	GlobalSection(ProjectConfigurationPlatforms) = postSolution
		{F9776B1D-F285-453B-8CDA-2040521CBEE1}.Debug|Any CPU.ActiveCfg = Debug|Any CPU
		{F9776B1D-F285-453B-8CDA-2040521CBEE1}.Debug|Any CPU.Build.0 = Debug|Any CPU
		{F9776B1D-F285-453B-8CDA-2040521CBEE1}.Release|Any CPU.ActiveCfg = Release|Any CPU
		{F9776B1D-F285-453B-8CDA-2040521CBEE1}.Release|Any CPU.Build.0 = Release|Any CPU
		{67DE771A-35A2-4F53-86D8-D114687A8525}.Debug|Any CPU.ActiveCfg = Debug|Any CPU
		{67DE771A-35A2-4F53-86D8-D114687A8525}.Debug|Any CPU.Build.0 = Debug|Any CPU
		{67DE771A-35A2-4F53-86D8-D114687A8525}.Release|Any CPU.ActiveCfg = Release|Any CPU
		{67DE771A-35A2-4F53-86D8-D114687A8525}.Release|Any CPU.Build.0 = Release|Any CPU
	EndGlobalSection
	GlobalSection(SolutionProperties) = preSolution
		HideSolutionNode = FALSE
	EndGlobalSection
	GlobalSection(ExtensibilityGlobals) = postSolution
		SolutionGuid = {B3040093-2AFE-4051-B060-45CBC66A02E3}
	EndGlobalSection
EndGlobal
