
Microsoft Visual Studio Solution File, Format Version 12.00
# Visual Studio Version 16
VisualStudioVersion = 16.0.31005.135
MinimumVisualStudioVersion = 10.0.40219.1
Project("{FAE04EC0-301F-11D3-BF4B-00C04F79EFBC}") = "CodeAnalysis_HandsOn", "CodeAnalysis_HandsOn\CodeAnalysis_HandsOn.csproj", "{C0F738D2-A5CA-4699-AFE6-853DA894577A}"
EndProject
Global
	GlobalSection(SolutionConfigurationPlatforms) = preSolution
		Debug|Any CPU = Debug|Any CPU
		Release|Any CPU = Release|Any CPU
	EndGlobalSection
	GlobalSection(ProjectConfigurationPlatforms) = postSolution
		{C0F738D2-A5CA-4699-AFE6-853DA894577A}.Debug|Any CPU.ActiveCfg = Debug|Any CPU
		{C0F738D2-A5CA-4699-AFE6-853DA894577A}.Debug|Any CPU.Build.0 = Debug|Any CPU
		{C0F738D2-A5CA-4699-AFE6-853DA894577A}.Release|Any CPU.ActiveCfg = Release|Any CPU
		{C0F738D2-A5CA-4699-AFE6-853DA894577A}.Release|Any CPU.Build.0 = Release|Any CPU
	EndGlobalSection
	GlobalSection(SolutionProperties) = preSolution
		HideSolutionNode = FALSE
	EndGlobalSection
	GlobalSection(ExtensibilityGlobals) = postSolution
		SolutionGuid = {EB1BAF74-3859-45C5-B34B-15D23A0D8755}
	EndGlobalSection
EndGlobal
